
Microsoft Visual Studio Solution File, Format Version 12.00
# Visual Studio Version 17
VisualStudioVersion = 17.1.32414.318
MinimumVisualStudioVersion = 10.0.40219.1
Project("{9A19103F-16F7-4668-BE54-9A1E7A4F7556}") = "SAE 1.01", "SAE 1.01\SAE 1.01.csproj", "{9CBFEEC1-C224-43E6-8286-27CD6D01F2AA}"
EndProject
Global
	GlobalSection(SolutionConfigurationPlatforms) = preSolution
		Debug|Any CPU = Debug|Any CPU
		Release|Any CPU = Release|Any CPU
	EndGlobalSection
	GlobalSection(ProjectConfigurationPlatforms) = postSolution
		{9CBFEEC1-C224-43E6-8286-27CD6D01F2AA}.Debug|Any CPU.ActiveCfg = Debug|Any CPU
		{9CBFEEC1-C224-43E6-8286-27CD6D01F2AA}.Debug|Any CPU.Build.0 = Debug|Any CPU
		{9CBFEEC1-C224-43E6-8286-27CD6D01F2AA}.Release|Any CPU.ActiveCfg = Release|Any CPU
		{9CBFEEC1-C224-43E6-8286-27CD6D01F2AA}.Release|Any CPU.Build.0 = Release|Any CPU
	EndGlobalSection
	GlobalSection(SolutionProperties) = preSolution
		HideSolutionNode = FALSE
	EndGlobalSection
	GlobalSection(ExtensibilityGlobals) = postSolution
		SolutionGuid = {85880960-561A-481F-8606-43BD8A88AD79}
	EndGlobalSection
EndGlobal
